langcode: en
status: true
dependencies:
  module:
    - system
    - tableau
  theme:
    - bartik
id: tableaublock
theme: bartik
region: sidebar_first
weight: 0
provider: null
plugin: tableau_block
settings:
  id: tableau_block
  label: 'Tableau Take Home Assessment'
  provider: tableau
  label_display: '0'
visibility:
  request_path:
    id: request_path
    pages: '/node/*'
    negate: false
    context_mapping: {  }
